
Microsoft Visual Studio Solution File, Format Version 12.00
# Visual Studio 15
VisualStudioVersion = 15.0.28010.2050
MinimumVisualStudioVersion = 10.0.40219.1
Project("{8BC9CEB8-8B4A-11D0-8D11-00A0C91BC942}") = "Client-server", "Client-server\Client-server.vcxproj", "{F6ABD387-98CB-4F3F-9867-C9083D116372}"
EndProject
Project("{8BC9CEB8-8B4A-11D0-8D11-00A0C91BC942}") = "Server", "Server\Server.vcxproj", "{3F7B8AF0-700B-4985-8CEB-C5F1758A747C}"
EndProject
Global
	GlobalSection(SolutionConfigurationPlatforms) = preSolution
		Debug|x64 = Debug|x64
		Debug|x86 = Debug|x86
		Release|x64 = Release|x64
		Release|x86 = Release|x86
	EndGlobalSection
	GlobalSection(ProjectConfigurationPlatforms) = postSolution
		{F6ABD387-98CB-4F3F-9867-C9083D116372}.Debug|x64.ActiveCfg = Debug|x64
		{F6ABD387-98CB-4F3F-9867-C9083D116372}.Debug|x64.Build.0 = Debug|x64
		{F6ABD387-98CB-4F3F-9867-C9083D116372}.Debug|x86.ActiveCfg = Debug|Win32
		{F6ABD387-98CB-4F3F-9867-C9083D116372}.Debug|x86.Build.0 = Debug|Win32
		{F6ABD387-98CB-4F3F-9867-C9083D116372}.Release|x64.ActiveCfg = Release|x64
		{F6ABD387-98CB-4F3F-9867-C9083D116372}.Release|x64.Build.0 = Release|x64
		{F6ABD387-98CB-4F3F-9867-C9083D116372}.Release|x86.ActiveCfg = Release|Win32
		{F6ABD387-98CB-4F3F-9867-C9083D116372}.Release|x86.Build.0 = Release|Win32
		{3F7B8AF0-700B-4985-8CEB-C5F1758A747C}.Debug|x64.ActiveCfg = Debug|x64
		{3F7B8AF0-700B-4985-8CEB-C5F1758A747C}.Debug|x64.Build.0 = Debug|x64
		{3F7B8AF0-700B-4985-8CEB-C5F1758A747C}.Debug|x86.ActiveCfg = Debug|Win32
		{3F7B8AF0-700B-4985-8CEB-C5F1758A747C}.Debug|x86.Build.0 = Debug|Win32
		{3F7B8AF0-700B-4985-8CEB-C5F1758A747C}.Release|x64.ActiveCfg = Release|x64
		{3F7B8AF0-700B-4985-8CEB-C5F1758A747C}.Release|x64.Build.0 = Release|x64
		{3F7B8AF0-700B-4985-8CEB-C5F1758A747C}.Release|x86.ActiveCfg = Release|Win32
		{3F7B8AF0-700B-4985-8CEB-C5F1758A747C}.Release|x86.Build.0 = Release|Win32
	EndGlobalSection
	GlobalSection(SolutionProperties) = preSolution
		HideSolutionNode = FALSE
	EndGlobalSection
	GlobalSection(ExtensibilityGlobals) = postSolution
		SolutionGuid = {9C3B2DDA-7821-4334-B6A0-4D391E000B40}
	EndGlobalSection
EndGlobal
